<?xml version="1.0" encoding="utf-8"?>
<Project ToolsVersion="4.0" xmlns="http://schemas.microsoft.com/developer/msbuild/2003">
  <ItemGroup>
    <Filter Include="Shaders">
      <UniqueIdentifier>{3e024228-8c96-4538-89c0-9dc628efcfd3}</UniqueIdentifier>
    </Filter>
  </ItemGroup>
  <ItemGroup>
    <ClCompile Include="PrimitiveFactory.cpp" />
    <ClCompile Include="Shader.cpp" />
    <ClCompile Include="ShaderManager.cpp" />
    <ClCompile Include="ShaderProgram.cpp" />
    <ClCompile Include="UI.cpp" />
    <ClCompile Include="Camera.cpp" />
    <ClCompile Include="Engine.cpp" />
    <ClCompile Include="Input.cpp" />
    <ClCompile Include="Interfaces.cpp" />
    <ClCompile Include="Mesh.cpp" />
    <ClCompile Include="TimeManager.cpp" />
  </ItemGroup>
  <ItemGroup>
    <ClInclude Include="PrimitiveFactory.h" />
    <ClInclude Include="Shader.h" />
    <ClInclude Include="ShaderManager.h" />
    <ClInclude Include="ShaderProgram.h" />
    <ClInclude Include="Transform.h" />
    <ClInclude Include="UI.h" />
    <ClInclude Include="Vertex.h" />
    <ClInclude Include="Camera.h" />
    <ClInclude Include="cubey.h" />
    <ClInclude Include="Engine.h" />
    <ClInclude Include="Event.h" />
    <ClInclude Include="Input.h" />
    <ClInclude Include="Interfaces.h" />
    <ClInclude Include="Mesh.h" />
    <ClInclude Include="TimeManager.h" />
    <ClInclude Include="VertexArray.h" />
  </ItemGroup>
  <ItemGroup>
    <None Include="shaders\debug.glsl">
      <Filter>Shaders</Filter>
    </None>
  </ItemGroup>
</Project>