<?xml version="1.0" encoding="utf-8"?>
<Project ToolsVersion="4.0" xmlns="http://schemas.microsoft.com/developer/msbuild/2003">
  <ItemGroup>
    <Filter Include="shaders">
      <UniqueIdentifier>{b5a91f8d-4f95-4159-a011-9da29e66a7c5}</UniqueIdentifier>
    </Filter>
  </ItemGroup>
  <ItemGroup>
    <None Include="shaders\smoke_compute.glsl">
      <Filter>shaders</Filter>
    </None>
    <None Include="shaders\smoke_render.glsl">
      <Filter>shaders</Filter>
    </None>
  </ItemGroup>
  <ItemGroup>
    <ClCompile Include="main.cpp" />
    <ClCompile Include="SmokeDemo.cpp" />
  </ItemGroup>
  <ItemGroup>
    <ClInclude Include="SmokeDemo.h" />
  </ItemGroup>
</Project>